// !$*UTF8*$!
{
	archiveVersion = 1;
	classes = {
	};
	objectVersion = 42;
	objects = {

/* Begin PBXBuildFile section */
		951F592B0A8A710D007B49F5 /* COMUtilities.cpp in Sources */ = {isa = PBXBuildFile; fileRef = 951F592A0A8A710D007B49F5 /* COMUtilities.cpp */; };
		D98CCF8C1175BF8000446CDD /* QtCore.framework in Frameworks */ = {isa = PBXBuildFile; fileRef = D98CCF8A1175BF8000446CDD /* QtCore.framework */; };
		D98CCF8D1175BF8000446CDD /* QtGui.framework in Frameworks */ = {isa = PBXBuildFile; fileRef = D98CCF8B1175BF8000446CDD /* QtGui.framework */; };
		EA5FE14B14AA321300686395 /* Swap.cpp in Sources */ = {isa = PBXBuildFile; fileRef = EA5FE14514AA321300686395 /* Swap.cpp */; };
		EA5FE14C14AA321300686395 /* SwapCommand.cpp in Sources */ = {isa = PBXBuildFile; fileRef = EA5FE14614AA321300686395 /* SwapCommand.cpp */; };
		EA5FE14D14AA321300686395 /* SwapPart.cpp in Sources */ = {isa = PBXBuildFile; fileRef = EA5FE14714AA321300686395 /* SwapPart.cpp */; };
		EA5FE14E14AA321300686395 /* Swap.r in Rez */ = {isa = PBXBuildFile; fileRef = EA5FE14A14AA321300686395 /* Swap.r */; };
		EA87A6051258BFEE00BA9FBA /* SerialNumber.cpp in Sources */ = {isa = PBXBuildFile; fileRef = EA87A6031258BFEE00BA9FBA /* SerialNumber.cpp */; };
/* End PBXBuildFile section */

/* Begin PBXFileReference section */
		951F592A0A8A710D007B49F5 /* COMUtilities.cpp */ = {isa = PBXFileReference; fileEncoding = 30; lastKnownFileType = sourcecode.cpp.cpp; name = COMUtilities.cpp; path = ../../../Source/COMUtilities.cpp; sourceTree = SOURCE_ROOT; };
		95CE14E30A897A1C0055D091 /* Myextension.mcx */ = {isa = PBXFileReference; explicitFileType = "compiled.mach-o.dylib"; includeInIndex = 0; path = Myextension.mcx; sourceTree = BUILT_PRODUCTS_DIR; };
		D98CCF8A1175BF8000446CDD /* QtCore.framework */ = {isa = PBXFileReference; lastKnownFileType = wrapper.framework; name = QtCore.framework; path = ../../../Lib/Mac/Frameworks/QtCore.framework; sourceTree = SOURCE_ROOT; };
		D98CCF8B1175BF8000446CDD /* QtGui.framework */ = {isa = PBXFileReference; lastKnownFileType = wrapper.framework; name = QtGui.framework; path = ../../../Lib/Mac/Frameworks/QtGui.framework; sourceTree = SOURCE_ROOT; };
		EA5FE14114AA321300686395 /* Swap.h */ = {isa = PBXFileReference; fileEncoding = 4; lastKnownFileType = sourcecode.c.h; path = Swap.h; sourceTree = "<group>"; };
		EA5FE14214AA321300686395 /* SwapCommand.h */ = {isa = PBXFileReference; fileEncoding = 4; lastKnownFileType = sourcecode.c.h; path = SwapCommand.h; sourceTree = "<group>"; };
		EA5FE14314AA321300686395 /* SwapDef.h */ = {isa = PBXFileReference; fileEncoding = 4; lastKnownFileType = sourcecode.c.h; path = SwapDef.h; sourceTree = "<group>"; };
		EA5FE14414AA321300686395 /* SwapPart.h */ = {isa = PBXFileReference; fileEncoding = 4; lastKnownFileType = sourcecode.c.h; path = SwapPart.h; sourceTree = "<group>"; };
		EA5FE14514AA321300686395 /* Swap.cpp */ = {isa = PBXFileReference; fileEncoding = 4; lastKnownFileType = sourcecode.cpp.cpp; path = Swap.cpp; sourceTree = "<group>"; };
		EA5FE14614AA321300686395 /* SwapCommand.cpp */ = {isa = PBXFileReference; fileEncoding = 4; lastKnownFileType = sourcecode.cpp.cpp; path = SwapCommand.cpp; sourceTree = "<group>"; };
		EA5FE14714AA321300686395 /* SwapPart.cpp */ = {isa = PBXFileReference; fileEncoding = 4; lastKnownFileType = sourcecode.cpp.cpp; path = SwapPart.cpp; sourceTree = "<group>"; };
		EA5FE14814AA321300686395 /* Swap.def */ = {isa = PBXFileReference; fileEncoding = 4; lastKnownFileType = text; path = Swap.def; sourceTree = "<group>"; };
		EA5FE14914AA321300686395 /* Swap.rsr */ = {isa = PBXFileReference; lastKnownFileType = file; path = Swap.rsr; sourceTree = "<group>"; };
		EA5FE14A14AA321300686395 /* Swap.r */ = {isa = PBXFileReference; fileEncoding = 4; lastKnownFileType = sourcecode.rez; path = Swap.r; sourceTree = "<group>"; };
		EA87A6031258BFEE00BA9FBA /* SerialNumber.cpp */ = {isa = PBXFileReference; fileEncoding = 4; lastKnownFileType = sourcecode.cpp.cpp; name = SerialNumber.cpp; path = ../Common/SerialNumber.cpp; sourceTree = SOURCE_ROOT; };
		EA87A6041258BFEE00BA9FBA /* SerialNumber.h */ = {isa = PBXFileReference; fileEncoding = 4; lastKnownFileType = sourcecode.c.h; name = SerialNumber.h; path = ../Common/SerialNumber.h; sourceTree = SOURCE_ROOT; };
/* End PBXFileReference section */

/* Begin PBXFrameworksBuildPhase section */
		95CE14E10A897A1C0055D091 /* Frameworks */ = {
			isa = PBXFrameworksBuildPhase;
			buildActionMask = 2147483647;
			files = (
				D98CCF8C1175BF8000446CDD /* QtCore.framework in Frameworks */,
				D98CCF8D1175BF8000446CDD /* QtGui.framework in Frameworks */,
			);
			runOnlyForDeploymentPostprocessing = 0;
		};
/* End PBXFrameworksBuildPhase section */

/* Begin PBXGroup section */
		95CE14C70A8978E00055D091 = {
			isa = PBXGroup;
			children = (
				EA5FE14114AA321300686395 /* Swap.h */,
				EA5FE14214AA321300686395 /* SwapCommand.h */,
				EA5FE14314AA321300686395 /* SwapDef.h */,
				EA5FE14414AA321300686395 /* SwapPart.h */,
				EA5FE14514AA321300686395 /* Swap.cpp */,
				EA5FE14614AA321300686395 /* SwapCommand.cpp */,
				EA5FE14714AA321300686395 /* SwapPart.cpp */,
				EA5FE14814AA321300686395 /* Swap.def */,
				EA5FE14914AA321300686395 /* Swap.rsr */,
				EA5FE14A14AA321300686395 /* Swap.r */,
				EA87A6021258BFBD00BA9FBA /* Common */,
				D98CCF8A1175BF8000446CDD /* QtCore.framework */,
				D98CCF8B1175BF8000446CDD /* QtGui.framework */,
				951F592A0A8A710D007B49F5 /* COMUtilities.cpp */,
				95CE14DA0A8979340055D091 /* Products */,
			);
			sourceTree = "<group>";
		};
		95CE14DA0A8979340055D091 /* Products */ = {
			isa = PBXGroup;
			children = (
				95CE14E30A897A1C0055D091 /* Myextension.mcx */,
			);
			name = Products;
			sourceTree = "<group>";
		};
		EA87A6021258BFBD00BA9FBA /* Common */ = {
			isa = PBXGroup;
			children = (
				EA87A6031258BFEE00BA9FBA /* SerialNumber.cpp */,
				EA87A6041258BFEE00BA9FBA /* SerialNumber.h */,
			);
			name = Common;
			sourceTree = "<group>";
		};
/* End PBXGroup section */

/* Begin PBXNativeTarget section */
		95CE14E20A897A1C0055D091 /* Myextension */ = {
			isa = PBXNativeTarget;
			buildConfigurationList = 95CE14E40A897A3A0055D091 /* Build configuration list for PBXNativeTarget "Myextension" */;
			buildPhases = (
				95CE14E00A897A1C0055D091 /* Sources */,
				95CE14E10A897A1C0055D091 /* Frameworks */,
				95C1E7C20A8A8E1300F4A996 /* Rez */,
				95DDDF740A8AA7B300DCFD54 /* CopyToCarrara */,
			);
			buildRules = (
			);
			dependencies = (
			);
			name = Myextension;
			productName = Myextension;
			productReference = 95CE14E30A897A1C0055D091 /* Myextension.mcx */;
			productType = "com.apple.product-type.library.dynamic";
		};
/* End PBXNativeTarget section */

/* Begin PBXProject section */
		95CE14C90A8978E00055D091 /* Project object */ = {
			isa = PBXProject;
			buildConfigurationList = 95CE14CA0A8978E00055D091 /* Build configuration list for PBXProject "Proj" */;
			compatibilityVersion = "Xcode 2.4";
			developmentRegion = English;
			hasScannedForEncodings = 0;
			knownRegions = (
				English,
				Japanese,
				French,
				German,
			);
			mainGroup = 95CE14C70A8978E00055D091;
			productRefGroup = 95CE14DA0A8979340055D091 /* Products */;
			projectDirPath = "";
			projectRoot = "";
			targets = (
				95CE14E20A897A1C0055D091 /* Myextension */,
			);
		};
/* End PBXProject section */

/* Begin PBXRezBuildPhase section */
		95C1E7C20A8A8E1300F4A996 /* Rez */ = {
			isa = PBXRezBuildPhase;
			buildActionMask = 2147483647;
			files = (
				EA5FE14E14AA321300686395 /* Swap.r in Rez */,
			);
			runOnlyForDeploymentPostprocessing = 0;
		};
/* End PBXRezBuildPhase section */

/* Begin PBXShellScriptBuildPhase section */
		95DDDF740A8AA7B300DCFD54 /* CopyToCarrara */ = {
			isa = PBXShellScriptBuildPhase;
			buildActionMask = 12;
			files = (
			);
			inputPaths = (
			);
			name = CopyToCarrara;
			outputPaths = (
			);
			runOnlyForDeploymentPostprocessing = 0;
			shellPath = /bin/sh;
			shellScript = "\n../../../Tools/ResExtracter/Mac/ResExtracter $BUILT_PRODUCTS_DIR/Myextension.rsrc\n\nif [ -d \"$CARRAPATH\" ]; then\n\tCOPYPATH=\"$CARRAPATH/Contents/MacOS/Extensions/inagoni\"\n\n\tmkdir -p \"$COPYPATH\"\n\n\tMYNAME=`basename \\`pwd\\``\n\n\techo \"Copying to $COPYPATH as $MYNAME\"\n\n\tcp \"$BUILT_PRODUCTS_DIR/Myextension.mcx\" \"$COPYPATH/$MYNAME.mcx\"\n\tcp \"$BUILT_PRODUCTS_DIR/Myextension.dat\" \"$COPYPATH/$MYNAME.dat\"\n\tcp \"$BUILT_PRODUCTS_DIR/Myextension.txt\" \"$COPYPATH/$MYNAME.txt\"\n\nelse\n\techo \"Please set the CARRAPATH variable in the Project's build settings\"\n\techo \"You'll have to rename the Carrara install and package folders to please Xcode\"\n\techo \"eg: /Applications/Carrara5Pro/CarraraPro.app\"\nfi\n\n\n";
		};
/* End PBXShellScriptBuildPhase section */

/* Begin PBXSourcesBuildPhase section */
		95CE14E00A897A1C0055D091 /* Sources */ = {
			isa = PBXSourcesBuildPhase;
			buildActionMask = 2147483647;
			files = (
				951F592B0A8A710D007B49F5 /* COMUtilities.cpp in Sources */,
				EA87A6051258BFEE00BA9FBA /* SerialNumber.cpp in Sources */,
				EA5FE14B14AA321300686395 /* Swap.cpp in Sources */,
				EA5FE14C14AA321300686395 /* SwapCommand.cpp in Sources */,
				EA5FE14D14AA321300686395 /* SwapPart.cpp in Sources */,
			);
			runOnlyForDeploymentPostprocessing = 0;
		};
/* End PBXSourcesBuildPhase section */

/* Begin XCBuildConfiguration section */
		95CE14CB0A8978E00055D091 /* Debug_x86_64 */ = {
			isa = XCBuildConfiguration;
			buildSettings = {
				ARCHS = "${TARGET_ARCH}";
				BASE_CONFIG = Debug;
				CARRAPATH = "/Applications/DAZ 3D/Carrara8 64-bit/Carrara.app";
				COPY_PHASE_STRIP = NO;
				FRAMEWORK_SEARCH_PATHS = "$(inherited)";
				GCC_DEBUGGING_SYMBOLS = default;
				GCC_ENABLE_CPP_RTTI = NO;
				GCC_INLINES_ARE_PRIVATE_EXTERN = YES;
				GCC_MODEL_TUNING = G5;
				GCC_PREPROCESSOR_DEFINITIONS = (
					_MAC,
					macintosh,
					MACOSX,
					qOsXLater,
					qMacho,
					qSMP,
					qCOMSupport,
					qUseMCImageColorPicker,
					qNoAllocators,
					qIsInExtension,
					"$(inherited)",
				);
				GCC_SYMBOLS_PRIVATE_EXTERN = YES;
				GCC_WARN_ABOUT_DEPRECATED_FUNCTIONS = NO;
				GCC_WARN_ABOUT_INVALID_OFFSETOF_MACRO = NO;
				GCC_WARN_ABOUT_RETURN_TYPE = YES;
				GCC_WARN_UNUSED_VARIABLE = NO;
				GENERATE_MASTER_OBJECT_FILE = NO;
				HEADER_SEARCH_PATHS = "";
				LIBRARY_SEARCH_PATHS = "$(inherited)";
				MACOSX_DEPLOYMENT_TARGET = 10.4;
				MACOSX_DEPLOYMENT_TARGET_i386 = 10.4;
				MACOSX_DEPLOYMENT_TARGET_ppc = 10.3;
				MACOSX_DEPLOYMENT_TARGET_x86_64 = 10.5;
				OTHER_CFLAGS = (
					"-fexceptions",
					"-fmessage-length=0",
				);
				OTHER_CPLUSPLUSFLAGS = (
					$OTHER_CFLAGS,
					"$(OTHER_CPLUSPLUSFLAGS_$(CURRENT_ARCH))",
				);
				OTHER_CPLUSPLUSFLAGS_i386 = "";
				OTHER_CPLUSPLUSFLAGS_ppc = "-fno-use-cxa-atexit";
				OTHER_CPLUSPLUSFLAGS_x86_64 = "";
				OTHER_REZFLAGS = "$(inherited) -d MAC=1 -d qCOMSupport=1 -d qMacho=1";
				REZ_SEARCH_PATHS = (
					../../../Include/Carrara,
					../../../Include/Common,
				);
				SDKROOT = /Developer/SDKs/MacOSX10.4u.sdk;
				SDKROOT_i386 = /Developer/SDKs/MacOSX10.4u.sdk/;
				SDKROOT_ppc = /Developer/SDKs/MacOSX10.3.9.sdk/;
				SDKROOT_x86_64 = /Developer/SDKs/MacOSX10.5.sdk/;
				TARGET_ARCH = x86_64;
				USER_HEADER_SEARCH_PATHS = "../../../Include/Carrara ../../../Include/Common ../";
				WARNING_CFLAGS = "-Wno-deprecated";
			};
			name = Debug_x86_64;
		};
		95CE14CC0A8978E00055D091 /* Release_x86_64 */ = {
			isa = XCBuildConfiguration;
			buildSettings = {
				ARCHS = "${TARGET_ARCH}";
				BASE_CONFIG = Release;
				CARRAPATH = "/Applications/DAZ 3D/Carrara8 64-bit/Carrara.app";
				COPY_PHASE_STRIP = NO;
				DEAD_CODE_STRIPPING = YES;
				FRAMEWORK_SEARCH_PATHS = "$(inherited)";
				GCC_ENABLE_CPP_RTTI = NO;
				GCC_INLINES_ARE_PRIVATE_EXTERN = YES;
				GCC_MODEL_TUNING = G5;
				GCC_PREPROCESSOR_DEFINITIONS = (
					_MAC,
					macintosh,
					MACOSX,
					qOsXLater,
					qMacho,
					qSMP,
					qCOMSupport,
					qUseMCImageColorPicker,
					qNoAllocators,
					qIsInExtension,
					"$(inherited)",
				);
				GCC_SYMBOLS_PRIVATE_EXTERN = YES;
				GCC_WARN_ABOUT_DEPRECATED_FUNCTIONS = NO;
				GCC_WARN_ABOUT_INVALID_OFFSETOF_MACRO = NO;
				GCC_WARN_ABOUT_RETURN_TYPE = YES;
				GCC_WARN_UNUSED_VARIABLE = NO;
				GENERATE_MASTER_OBJECT_FILE = NO;
				HEADER_SEARCH_PATHS = "";
				LIBRARY_SEARCH_PATHS = "$(inherited)";
				MACOSX_DEPLOYMENT_TARGET = 10.4;
				MACOSX_DEPLOYMENT_TARGET_i386 = 10.4;
				MACOSX_DEPLOYMENT_TARGET_ppc = 10.3;
				MACOSX_DEPLOYMENT_TARGET_x86_64 = 10.5;
				OTHER_CFLAGS = (
					"-fexceptions",
					"-fmessage-length=0",
				);
				OTHER_CPLUSPLUSFLAGS = (
					$OTHER_CFLAGS,
					"$(OTHER_CPLUSPLUSFLAGS_$(CURRENT_ARCH))",
				);
				OTHER_CPLUSPLUSFLAGS_i386 = "";
				OTHER_CPLUSPLUSFLAGS_ppc = "-fno-use-cxa-atexit";
				OTHER_CPLUSPLUSFLAGS_x86_64 = "";
				OTHER_REZFLAGS = "$(inherited) -d MAC=1 -d qCOMSupport=1 -d qMacho=1";
				REZ_SEARCH_PATHS = (
					../../../Include/Carrara,
					../../../Include/Common,
				);
				SDKROOT = /Developer/SDKs/MacOSX10.4u.sdk;
				SDKROOT_i386 = /Developer/SDKs/MacOSX10.4u.sdk/;
				SDKROOT_ppc = /Developer/SDKs/MacOSX10.3.9.sdk/;
				SDKROOT_x86_64 = /Developer/SDKs/MacOSX10.5.sdk/;
				TARGET_ARCH = x86_64;
				USER_HEADER_SEARCH_PATHS = "../../../Include/Carrara ../../../Include/Common ../";
				WARNING_CFLAGS = "-Wno-deprecated";
			};
			name = Release_x86_64;
		};
		95CE14E50A897A3A0055D091 /* Debug_x86_64 */ = {
			isa = XCBuildConfiguration;
			buildSettings = {
				CARRAPATH = "/Applications/DAZ 3D/Carrara8 64-bit/Carrara.app";
				COPY_PHASE_STRIP = NO;
				DEBUG_INFORMATION_FORMAT = dwarf;
				DSTROOT = "";
				DYLIB_COMPATIBILITY_VERSION = "";
				DYLIB_CURRENT_VERSION = "";
				EXECUTABLE_EXTENSION = mcx;
				EXECUTABLE_PREFIX = "";
				EXPORTED_SYMBOLS_FILE = "../../../Include/Common/exports-macho.exp";
				FRAMEWORK_SEARCH_PATHS = (
					"$(inherited)",
					"$(FRAMEWORK_SEARCH_PATHS_QUOTED_FOR_TARGET_1)",
				);
				FRAMEWORK_SEARCH_PATHS_QUOTED_FOR_TARGET_1 = "\"$(SRCROOT)/../../../Lib/Mac/Frameworks\"";
				GCC_DYNAMIC_NO_PIC = NO;
				GCC_ENABLE_FIX_AND_CONTINUE = YES;
				GCC_GENERATE_DEBUGGING_SYMBOLS = YES;
				GCC_MODEL_TUNING = G5;
				GCC_OPTIMIZATION_LEVEL = 0;
				GCC_PREPROCESSOR_DEFINITIONS = (
					_DEBUG,
					Debug_,
					"$(inherited)",
				);
				GENERATE_MASTER_OBJECT_FILE = YES;
				HEADER_SEARCH_PATHS = "";
				INSTALL_PATH = "";
				LINK_WITH_STANDARD_LIBRARIES = YES;
				MACH_O_TYPE = mh_bundle;
				OTHER_LDFLAGS = (
					"-framework",
					Carbon,
					"-framework",
					QuickTime,
				);
				PREBINDING = NO;
				PRECOMPS_INCLUDE_HEADERS_FROM_BUILT_PRODUCTS_DIR = NO;
				PRELINK_LIBS = "../../../Lib/Mac/${BASE_CONFIG}/${TARGET_ARCH}/CommonLibrary.lib ../../../Lib/Mac/${BASE_CONFIG}/${TARGET_ARCH}/SafeLibrary.lib $(inherited)";
				PRIVATE_HEADERS_FOLDER_PATH = "";
				PRODUCT_NAME = Myextension;
				PUBLIC_HEADERS_FOLDER_PATH = "";
				SHARED_PRECOMPS_DIR = "";
				USER_HEADER_SEARCH_PATHS = "$(inherited)";
				ZERO_LINK = NO;
			};
			name = Debug_x86_64;
		};
		95CE14E60A897A3A0055D091 /* Release_x86_64 */ = {
			isa = XCBuildConfiguration;
			buildSettings = {
				COPY_PHASE_STRIP = YES;
				DEBUG_INFORMATION_FORMAT = dwarf;
				DSTROOT = "";
				DYLIB_COMPATIBILITY_VERSION = "";
				DYLIB_CURRENT_VERSION = "";
				EXECUTABLE_EXTENSION = mcx;
				EXECUTABLE_PREFIX = "";
				EXPORTED_SYMBOLS_FILE = "../../../Include/Common/exports-macho.exp";
				FRAMEWORK_SEARCH_PATHS = (
					"$(inherited)",
					"$(FRAMEWORK_SEARCH_PATHS_QUOTED_FOR_TARGET_1)",
				);
				FRAMEWORK_SEARCH_PATHS_QUOTED_FOR_TARGET_1 = "\"$(SRCROOT)/../../../Lib/Mac/Frameworks\"";
				GCC_ENABLE_FIX_AND_CONTINUE = NO;
				GCC_GENERATE_DEBUGGING_SYMBOLS = NO;
				GCC_MODEL_TUNING = G5;
				GENERATE_MASTER_OBJECT_FILE = YES;
				HEADER_SEARCH_PATHS = "";
				INSTALL_PATH = "";
				LINK_WITH_STANDARD_LIBRARIES = YES;
				MACH_O_TYPE = mh_bundle;
				OTHER_LDFLAGS = (
					"-framework",
					Carbon,
					"-framework",
					QuickTime,
				);
				PREBINDING = NO;
				PRECOMPS_INCLUDE_HEADERS_FROM_BUILT_PRODUCTS_DIR = NO;
				PRELINK_LIBS = "../../../Lib/Mac/${BASE_CONFIG}/${TARGET_ARCH}/CommonLibrary.lib ../../../Lib/Mac/${BASE_CONFIG}/${TARGET_ARCH}/SafeLibrary.lib $(inherited)";
				PRIVATE_HEADERS_FOLDER_PATH = "";
				PRODUCT_NAME = Myextension;
				PUBLIC_HEADERS_FOLDER_PATH = "";
				SHARED_PRECOMPS_DIR = "";
				USER_HEADER_SEARCH_PATHS = "$(inherited)";
				ZERO_LINK = NO;
			};
			name = Release_x86_64;
		};
		D98CCF941175C00B00446CDD /* Debug_i386 */ = {
			isa = XCBuildConfiguration;
			buildSettings = {
				ARCHS = "${TARGET_ARCH}";
				BASE_CONFIG = Debug;
				CARRAPATH = "/Applications/DAZ 3D/Carrara8_i386/Carrara.app";
				COPY_PHASE_STRIP = NO;
				FRAMEWORK_SEARCH_PATHS = "$(inherited)";
				GCC_DEBUGGING_SYMBOLS = default;
				GCC_ENABLE_CPP_RTTI = NO;
				GCC_INLINES_ARE_PRIVATE_EXTERN = YES;
				GCC_MODEL_TUNING = G5;
				GCC_PREPROCESSOR_DEFINITIONS = (
					_MAC,
					macintosh,
					MACOSX,
					qOsXLater,
					qMacho,
					qSMP,
					qCOMSupport,
					qUseMCImageColorPicker,
					qNoAllocators,
					qIsInExtension,
					"$(inherited)",
				);
				GCC_SYMBOLS_PRIVATE_EXTERN = YES;
				GCC_WARN_ABOUT_DEPRECATED_FUNCTIONS = NO;
				GCC_WARN_ABOUT_INVALID_OFFSETOF_MACRO = NO;
				GCC_WARN_ABOUT_RETURN_TYPE = YES;
				GCC_WARN_UNUSED_VARIABLE = NO;
				GENERATE_MASTER_OBJECT_FILE = NO;
				HEADER_SEARCH_PATHS = "";
				LIBRARY_SEARCH_PATHS = "$(inherited)";
				MACOSX_DEPLOYMENT_TARGET = 10.4;
				MACOSX_DEPLOYMENT_TARGET_i386 = 10.4;
				MACOSX_DEPLOYMENT_TARGET_ppc = 10.3;
				MACOSX_DEPLOYMENT_TARGET_x86_64 = 10.5;
				OTHER_CFLAGS = (
					"-fexceptions",
					"-fmessage-length=0",
				);
				OTHER_CPLUSPLUSFLAGS = (
					$OTHER_CFLAGS,
					"$(OTHER_CPLUSPLUSFLAGS_$(CURRENT_ARCH))",
				);
				OTHER_CPLUSPLUSFLAGS_i386 = "";
				OTHER_CPLUSPLUSFLAGS_ppc = "-fno-use-cxa-atexit";
				OTHER_CPLUSPLUSFLAGS_x86_64 = "";
				OTHER_REZFLAGS = "$(inherited) -d MAC=1 -d qCOMSupport=1 -d qMacho=1";
				REZ_SEARCH_PATHS = (
					../../../Include/Carrara,
					../../../Include/Common,
				);
				SDKROOT = /Developer/SDKs/MacOSX10.4u.sdk;
				SDKROOT_i386 = /Developer/SDKs/MacOSX10.4u.sdk/;
				SDKROOT_ppc = /Developer/SDKs/MacOSX10.3.9.sdk/;
				SDKROOT_x86_64 = /Developer/SDKs/MacOSX10.5.sdk/;
				TARGET_ARCH = i386;
				USER_HEADER_SEARCH_PATHS = "../../../Include/Carrara ../../../Include/Common ../";
				WARNING_CFLAGS = "-Wno-deprecated";
			};
			name = Debug_i386;
		};
		D98CCF951175C00B00446CDD /* Debug_i386 */ = {
			isa = XCBuildConfiguration;
			buildSettings = {
				COPY_PHASE_STRIP = NO;
				DEBUG_INFORMATION_FORMAT = dwarf;
				DSTROOT = "";
				DYLIB_COMPATIBILITY_VERSION = "";
				DYLIB_CURRENT_VERSION = "";
				EXECUTABLE_EXTENSION = mcx;
				EXECUTABLE_PREFIX = "";
				EXPORTED_SYMBOLS_FILE = "../../../Include/Common/exports-macho.exp";
				FRAMEWORK_SEARCH_PATHS = (
					"$(inherited)",
					"$(FRAMEWORK_SEARCH_PATHS_QUOTED_FOR_TARGET_1)",
				);
				FRAMEWORK_SEARCH_PATHS_QUOTED_FOR_TARGET_1 = "\"$(SRCROOT)/../../../Lib/Mac/Frameworks\"";
				GCC_DYNAMIC_NO_PIC = NO;
				GCC_ENABLE_FIX_AND_CONTINUE = YES;
				GCC_GENERATE_DEBUGGING_SYMBOLS = YES;
				GCC_MODEL_TUNING = G5;
				GCC_OPTIMIZATION_LEVEL = 0;
				GCC_PREPROCESSOR_DEFINITIONS = (
					_DEBUG,
					Debug_,
					"$(inherited)",
				);
				GENERATE_MASTER_OBJECT_FILE = YES;
				HEADER_SEARCH_PATHS = "";
				INSTALL_PATH = "";
				LINK_WITH_STANDARD_LIBRARIES = YES;
				MACH_O_TYPE = mh_bundle;
				OTHER_LDFLAGS = (
					"-framework",
					Carbon,
					"-framework",
					QuickTime,
				);
				PREBINDING = NO;
				PRECOMPS_INCLUDE_HEADERS_FROM_BUILT_PRODUCTS_DIR = NO;
				PRELINK_LIBS = "../../../Lib/Mac/${BASE_CONFIG}/${TARGET_ARCH}/CommonLibrary.lib ../../../Lib/Mac/${BASE_CONFIG}/${TARGET_ARCH}/SafeLibrary.lib $(inherited)";
				PRIVATE_HEADERS_FOLDER_PATH = "";
				PRODUCT_NAME = Myextension;
				PUBLIC_HEADERS_FOLDER_PATH = "";
				SHARED_PRECOMPS_DIR = "";
				USER_HEADER_SEARCH_PATHS = "$(inherited)";
				ZERO_LINK = NO;
			};
			name = Debug_i386;
		};
		D98CCF961175C00B00446CDD /* Debug_ppc */ = {
			isa = XCBuildConfiguration;
			buildSettings = {
				ARCHS = "${TARGET_ARCH}";
				BASE_CONFIG = Debug;
				CARRAPATH = "/Applications/DAZ 3D/Carrara8_ppc/Carrara.app";
				COPY_PHASE_STRIP = NO;
				FRAMEWORK_SEARCH_PATHS = "$(inherited)";
				GCC_DEBUGGING_SYMBOLS = default;
				GCC_ENABLE_CPP_RTTI = NO;
				GCC_INLINES_ARE_PRIVATE_EXTERN = YES;
				GCC_MODEL_TUNING = G5;
				GCC_PREPROCESSOR_DEFINITIONS = (
					_MAC,
					macintosh,
					MACOSX,
					qOsXLater,
					qMacho,
					qSMP,
					qCOMSupport,
					qUseMCImageColorPicker,
					qNoAllocators,
					qIsInExtension,
					"$(inherited)",
				);
				GCC_SYMBOLS_PRIVATE_EXTERN = YES;
				GCC_WARN_ABOUT_DEPRECATED_FUNCTIONS = NO;
				GCC_WARN_ABOUT_INVALID_OFFSETOF_MACRO = NO;
				GCC_WARN_ABOUT_RETURN_TYPE = YES;
				GCC_WARN_UNUSED_VARIABLE = NO;
				GENERATE_MASTER_OBJECT_FILE = NO;
				HEADER_SEARCH_PATHS = "";
				LIBRARY_SEARCH_PATHS = "$(inherited)";
				MACOSX_DEPLOYMENT_TARGET = 10.4;
				MACOSX_DEPLOYMENT_TARGET_i386 = 10.4;
				MACOSX_DEPLOYMENT_TARGET_ppc = 10.3;
				MACOSX_DEPLOYMENT_TARGET_x86_64 = 10.5;
				OTHER_CFLAGS = (
					"-fexceptions",
					"-fmessage-length=0",
				);
				OTHER_CPLUSPLUSFLAGS = (
					$OTHER_CFLAGS,
					"$(OTHER_CPLUSPLUSFLAGS_$(CURRENT_ARCH))",
				);
				OTHER_CPLUSPLUSFLAGS_i386 = "";
				OTHER_CPLUSPLUSFLAGS_ppc = "-fno-use-cxa-atexit";
				OTHER_CPLUSPLUSFLAGS_x86_64 = "";
				OTHER_REZFLAGS = "$(inherited) -d MAC=1 -d qCOMSupport=1 -d qMacho=1";
				REZ_SEARCH_PATHS = (
					../../../Include/Carrara,
					../../../Include/Common,
				);
				SDKROOT = /Developer/SDKs/MacOSX10.4u.sdk;
				SDKROOT_i386 = /Developer/SDKs/MacOSX10.4u.sdk/;
				SDKROOT_ppc = /Developer/SDKs/MacOSX10.3.9.sdk/;
				SDKROOT_x86_64 = /Developer/SDKs/MacOSX10.5.sdk/;
				TARGET_ARCH = ppc;
				USER_HEADER_SEARCH_PATHS = "../../../Include/Carrara ../../../Include/Common ../";
				WARNING_CFLAGS = "-Wno-deprecated";
			};
			name = Debug_ppc;
		};
		D98CCF971175C00B00446CDD /* Debug_ppc */ = {
			isa = XCBuildConfiguration;
			buildSettings = {
				COPY_PHASE_STRIP = NO;
				DEBUG_INFORMATION_FORMAT = dwarf;
				DSTROOT = "";
				DYLIB_COMPATIBILITY_VERSION = "";
				DYLIB_CURRENT_VERSION = "";
				EXECUTABLE_EXTENSION = mcx;
				EXECUTABLE_PREFIX = "";
				EXPORTED_SYMBOLS_FILE = "../../../Include/Common/exports-macho.exp";
				FRAMEWORK_SEARCH_PATHS = (
					"$(inherited)",
					"$(FRAMEWORK_SEARCH_PATHS_QUOTED_FOR_TARGET_1)",
				);
				FRAMEWORK_SEARCH_PATHS_QUOTED_FOR_TARGET_1 = "\"$(SRCROOT)/../../../Lib/Mac/Frameworks\"";
				GCC_DYNAMIC_NO_PIC = NO;
				GCC_ENABLE_FIX_AND_CONTINUE = YES;
				GCC_GENERATE_DEBUGGING_SYMBOLS = YES;
				GCC_MODEL_TUNING = G5;
				GCC_OPTIMIZATION_LEVEL = 0;
				GCC_PREPROCESSOR_DEFINITIONS = (
					_DEBUG,
					Debug_,
					"$(inherited)",
				);
				GENERATE_MASTER_OBJECT_FILE = YES;
				HEADER_SEARCH_PATHS = "";
				INSTALL_PATH = "";
				LINK_WITH_STANDARD_LIBRARIES = YES;
				MACH_O_TYPE = mh_bundle;
				OTHER_LDFLAGS = (
					"-framework",
					Carbon,
					"-framework",
					QuickTime,
				);
				PREBINDING = NO;
				PRECOMPS_INCLUDE_HEADERS_FROM_BUILT_PRODUCTS_DIR = NO;
				PRELINK_LIBS = "../../../Lib/Mac/${BASE_CONFIG}/${TARGET_ARCH}/CommonLibrary.lib ../../../Lib/Mac/${BASE_CONFIG}/${TARGET_ARCH}/SafeLibrary.lib $(inherited)";
				PRIVATE_HEADERS_FOLDER_PATH = "";
				PRODUCT_NAME = Myextension;
				PUBLIC_HEADERS_FOLDER_PATH = "";
				SHARED_PRECOMPS_DIR = "";
				USER_HEADER_SEARCH_PATHS = "$(inherited)";
				ZERO_LINK = NO;
			};
			name = Debug_ppc;
		};
		D98CCF981175C02E00446CDD /* Release_i386 */ = {
			isa = XCBuildConfiguration;
			buildSettings = {
				ARCHS = "${TARGET_ARCH}";
				BASE_CONFIG = Release;
				CARRAPATH = "/Applications/DAZ 3D/Carrara8_i386/Carrara.app";
				COPY_PHASE_STRIP = NO;
				DEAD_CODE_STRIPPING = YES;
				FRAMEWORK_SEARCH_PATHS = "$(inherited)";
				GCC_ENABLE_CPP_RTTI = NO;
				GCC_INLINES_ARE_PRIVATE_EXTERN = YES;
				GCC_MODEL_TUNING = G5;
				GCC_PREPROCESSOR_DEFINITIONS = (
					_MAC,
					macintosh,
					MACOSX,
					qOsXLater,
					qMacho,
					qSMP,
					qCOMSupport,
					qUseMCImageColorPicker,
					qNoAllocators,
					qIsInExtension,
					"$(inherited)",
				);
				GCC_SYMBOLS_PRIVATE_EXTERN = YES;
				GCC_VERSION = 4.0;
				GCC_WARN_ABOUT_DEPRECATED_FUNCTIONS = NO;
				GCC_WARN_ABOUT_INVALID_OFFSETOF_MACRO = NO;
				GCC_WARN_ABOUT_RETURN_TYPE = YES;
				GCC_WARN_UNUSED_VARIABLE = NO;
				GENERATE_MASTER_OBJECT_FILE = NO;
				HEADER_SEARCH_PATHS = "";
				LIBRARY_SEARCH_PATHS = "$(inherited)";
				MACOSX_DEPLOYMENT_TARGET = 10.4;
				MACOSX_DEPLOYMENT_TARGET_i386 = 10.4;
				MACOSX_DEPLOYMENT_TARGET_ppc = 10.3;
				MACOSX_DEPLOYMENT_TARGET_x86_64 = 10.5;
				OTHER_CFLAGS = (
					"-fexceptions",
					"-fmessage-length=0",
				);
				OTHER_CPLUSPLUSFLAGS = (
					$OTHER_CFLAGS,
					"$(OTHER_CPLUSPLUSFLAGS_$(CURRENT_ARCH))",
				);
				OTHER_CPLUSPLUSFLAGS_i386 = "";
				OTHER_CPLUSPLUSFLAGS_ppc = "-fno-use-cxa-atexit";
				OTHER_CPLUSPLUSFLAGS_x86_64 = "";
				OTHER_REZFLAGS = "$(inherited) -d MAC=1 -d qCOMSupport=1 -d qMacho=1";
				REZ_SEARCH_PATHS = (
					../../../Include/Carrara,
					../../../Include/Common,
				);
				SDKROOT = /Developer/SDKs/MacOSX10.4u.sdk;
				SDKROOT_i386 = /Developer/SDKs/MacOSX10.4u.sdk/;
				SDKROOT_ppc = /Developer/SDKs/MacOSX10.3.9.sdk/;
				SDKROOT_x86_64 = /Developer/SDKs/MacOSX10.5.sdk/;
				TARGET_ARCH = i386;
				USER_HEADER_SEARCH_PATHS = "../../../Include/Carrara ../../../Include/Common ../";
				WARNING_CFLAGS = "-Wno-deprecated";
			};
			name = Release_i386;
		};
		D98CCF991175C02E00446CDD /* Release_i386 */ = {
			isa = XCBuildConfiguration;
			buildSettings = {
				COPY_PHASE_STRIP = YES;
				DEBUG_INFORMATION_FORMAT = dwarf;
				DSTROOT = "";
				DYLIB_COMPATIBILITY_VERSION = "";
				DYLIB_CURRENT_VERSION = "";
				EXECUTABLE_EXTENSION = mcx;
				EXECUTABLE_PREFIX = "";
				EXPORTED_SYMBOLS_FILE = "../../../Include/Common/exports-macho.exp";
				FRAMEWORK_SEARCH_PATHS = (
					"$(inherited)",
					"$(FRAMEWORK_SEARCH_PATHS_QUOTED_FOR_TARGET_1)",
				);
				FRAMEWORK_SEARCH_PATHS_QUOTED_FOR_TARGET_1 = "\"$(SRCROOT)/../../../Lib/Mac/Frameworks\"";
				GCC_ENABLE_FIX_AND_CONTINUE = NO;
				GCC_GENERATE_DEBUGGING_SYMBOLS = NO;
				GCC_MODEL_TUNING = G5;
				GENERATE_MASTER_OBJECT_FILE = YES;
				HEADER_SEARCH_PATHS = "";
				INSTALL_PATH = "";
				LINK_WITH_STANDARD_LIBRARIES = YES;
				MACH_O_TYPE = mh_bundle;
				OTHER_LDFLAGS = (
					"-framework",
					Carbon,
					"-framework",
					QuickTime,
				);
				PREBINDING = NO;
				PRECOMPS_INCLUDE_HEADERS_FROM_BUILT_PRODUCTS_DIR = NO;
				PRELINK_LIBS = "../../../Lib/Mac/${BASE_CONFIG}/${TARGET_ARCH}/CommonLibrary.lib ../../../Lib/Mac/${BASE_CONFIG}/${TARGET_ARCH}/SafeLibrary.lib $(inherited)";
				PRIVATE_HEADERS_FOLDER_PATH = "";
				PRODUCT_NAME = Myextension;
				PUBLIC_HEADERS_FOLDER_PATH = "";
				SHARED_PRECOMPS_DIR = "";
				USER_HEADER_SEARCH_PATHS = "$(inherited)";
				ZERO_LINK = NO;
			};
			name = Release_i386;
		};
		D98CCF9A1175C02E00446CDD /* Release_ppc */ = {
			isa = XCBuildConfiguration;
			buildSettings = {
				ARCHS = "${TARGET_ARCH}";
				BASE_CONFIG = Release;
				CARRAPATH = "/Applications/DAZ 3D/Carrara8_ppc/Carrara.app";
				COPY_PHASE_STRIP = NO;
				DEAD_CODE_STRIPPING = YES;
				FRAMEWORK_SEARCH_PATHS = "$(inherited)";
				GCC_ENABLE_CPP_RTTI = NO;
				GCC_INLINES_ARE_PRIVATE_EXTERN = YES;
				GCC_MODEL_TUNING = G5;
				GCC_PREPROCESSOR_DEFINITIONS = (
					_MAC,
					macintosh,
					MACOSX,
					qOsXLater,
					qMacho,
					qSMP,
					qCOMSupport,
					qUseMCImageColorPicker,
					qNoAllocators,
					qIsInExtension,
					"$(inherited)",
				);
				GCC_SYMBOLS_PRIVATE_EXTERN = YES;
				GCC_WARN_ABOUT_DEPRECATED_FUNCTIONS = NO;
				GCC_WARN_ABOUT_INVALID_OFFSETOF_MACRO = NO;
				GCC_WARN_ABOUT_RETURN_TYPE = YES;
				GCC_WARN_UNUSED_VARIABLE = NO;
				GENERATE_MASTER_OBJECT_FILE = NO;
				HEADER_SEARCH_PATHS = "";
				LIBRARY_SEARCH_PATHS = "$(inherited)";
				MACOSX_DEPLOYMENT_TARGET = 10.4;
				MACOSX_DEPLOYMENT_TARGET_i386 = 10.4;
				MACOSX_DEPLOYMENT_TARGET_ppc = 10.3;
				MACOSX_DEPLOYMENT_TARGET_x86_64 = 10.5;
				OTHER_CFLAGS = (
					"-fexceptions",
					"-fmessage-length=0",
				);
				OTHER_CPLUSPLUSFLAGS = (
					$OTHER_CFLAGS,
					"$(OTHER_CPLUSPLUSFLAGS_$(CURRENT_ARCH))",
				);
				OTHER_CPLUSPLUSFLAGS_i386 = "";
				OTHER_CPLUSPLUSFLAGS_ppc = "-fno-use-cxa-atexit";
				OTHER_CPLUSPLUSFLAGS_x86_64 = "";
				OTHER_REZFLAGS = "$(inherited) -d MAC=1 -d qCOMSupport=1 -d qMacho=1";
				REZ_SEARCH_PATHS = (
					../../../Include/Carrara,
					../../../Include/Common,
				);
				SDKROOT = /Developer/SDKs/MacOSX10.4u.sdk;
				SDKROOT_i386 = /Developer/SDKs/MacOSX10.4u.sdk/;
				SDKROOT_ppc = /Developer/SDKs/MacOSX10.3.9.sdk/;
				SDKROOT_x86_64 = /Developer/SDKs/MacOSX10.5.sdk/;
				TARGET_ARCH = ppc;
				USER_HEADER_SEARCH_PATHS = "../../../Include/Carrara ../../../Include/Common ../";
				WARNING_CFLAGS = "-Wno-deprecated";
			};
			name = Release_ppc;
		};
		D98CCF9B1175C02E00446CDD /* Release_ppc */ = {
			isa = XCBuildConfiguration;
			buildSettings = {
				COPY_PHASE_STRIP = YES;
				DEBUG_INFORMATION_FORMAT = dwarf;
				DSTROOT = "";
				DYLIB_COMPATIBILITY_VERSION = "";
				DYLIB_CURRENT_VERSION = "";
				EXECUTABLE_EXTENSION = mcx;
				EXECUTABLE_PREFIX = "";
				EXPORTED_SYMBOLS_FILE = "../../../Include/Common/exports-macho.exp";
				FRAMEWORK_SEARCH_PATHS = (
					"$(inherited)",
					"$(FRAMEWORK_SEARCH_PATHS_QUOTED_FOR_TARGET_1)",
				);
				FRAMEWORK_SEARCH_PATHS_QUOTED_FOR_TARGET_1 = "\"$(SRCROOT)/../../../Lib/Mac/Frameworks\"";
				GCC_ENABLE_FIX_AND_CONTINUE = NO;
				GCC_GENERATE_DEBUGGING_SYMBOLS = NO;
				GCC_MODEL_TUNING = G5;
				GENERATE_MASTER_OBJECT_FILE = YES;
				HEADER_SEARCH_PATHS = "";
				INSTALL_PATH = "";
				LINK_WITH_STANDARD_LIBRARIES = YES;
				MACH_O_TYPE = mh_bundle;
				OTHER_LDFLAGS = (
					"-framework",
					Carbon,
					"-framework",
					QuickTime,
				);
				PREBINDING = NO;
				PRECOMPS_INCLUDE_HEADERS_FROM_BUILT_PRODUCTS_DIR = NO;
				PRELINK_LIBS = "../../../Lib/Mac/${BASE_CONFIG}/${TARGET_ARCH}/CommonLibrary.lib ../../../Lib/Mac/${BASE_CONFIG}/${TARGET_ARCH}/SafeLibrary.lib $(inherited)";
				PRIVATE_HEADERS_FOLDER_PATH = "";
				PRODUCT_NAME = Myextension;
				PUBLIC_HEADERS_FOLDER_PATH = "";
				SHARED_PRECOMPS_DIR = "";
				USER_HEADER_SEARCH_PATHS = "$(inherited)";
				ZERO_LINK = NO;
			};
			name = Release_ppc;
		};
/* End XCBuildConfiguration section */

/* Begin XCConfigurationList section */
		95CE14CA0A8978E00055D091 /* Build configuration list for PBXProject "Proj" */ = {
			isa = XCConfigurationList;
			buildConfigurations = (
				95CE14CB0A8978E00055D091 /* Debug_x86_64 */,
				D98CCF941175C00B00446CDD /* Debug_i386 */,
				D98CCF961175C00B00446CDD /* Debug_ppc */,
				95CE14CC0A8978E00055D091 /* Release_x86_64 */,
				D98CCF981175C02E00446CDD /* Release_i386 */,
				D98CCF9A1175C02E00446CDD /* Release_ppc */,
			);
			defaultConfigurationIsVisible = 0;
			defaultConfigurationName = Release_x86_64;
		};
		95CE14E40A897A3A0055D091 /* Build configuration list for PBXNativeTarget "Myextension" */ = {
			isa = XCConfigurationList;
			buildConfigurations = (
				95CE14E50A897A3A0055D091 /* Debug_x86_64 */,
				D98CCF951175C00B00446CDD /* Debug_i386 */,
				D98CCF971175C00B00446CDD /* Debug_ppc */,
				95CE14E60A897A3A0055D091 /* Release_x86_64 */,
				D98CCF991175C02E00446CDD /* Release_i386 */,
				D98CCF9B1175C02E00446CDD /* Release_ppc */,
			);
			defaultConfigurationIsVisible = 0;
			defaultConfigurationName = Release_x86_64;
		};
/* End XCConfigurationList section */
	};
	rootObject = 95CE14C90A8978E00055D091 /* Project object */;
}
