
Microsoft Visual Studio Solution File, Format Version 9.00
# Visual C++ Express 2005
Project("{8BC9CEB8-8B4A-11D0-8D11-00A0C91BC942}") = "Replica", "Replica\ReplicaVC2005.vcproj", "{8C84AD9A-B70F-4F6B-9E53-C317B03D5022}"
EndProject
Project("{8BC9CEB8-8B4A-11D0-8D11-00A0C91BC942}") = "Swap", "Swap\SwapVC2005.vcproj", "{C7A262F0-A484-4ACD-A506-3AEB717C2A96}"
EndProject
Project("{8BC9CEB8-8B4A-11D0-8D11-00A0C91BC942}") = "Veloute", "Veloute\VelouteVC2005.vcproj", "{F5C839F9-CE38-42CC-90EF-B9EC8E789616}"
EndProject
Project("{8BC9CEB8-8B4A-11D0-8D11-00A0C91BC942}") = "ArchiTools", "ArchiTools\ArchiToolsVC2005.vcproj", "{1EC838FF-877C-40F4-B147-32F0D415AD35}"
EndProject
Project("{8BC9CEB8-8B4A-11D0-8D11-00A0C91BC942}") = "Baker", "Baker\BakerVC2005.vcproj", "{EB465BB3-D42B-42B6-8068-722442AAB5C3}"
EndProject
Project("{8BC9CEB8-8B4A-11D0-8D11-00A0C91BC942}") = "Curvature", "Curvature\CurvatureVC2005.vcproj", "{03B24B3C-CFA9-4162-B7C1-7797FDE9B8A7}"
EndProject
Project("{8BC9CEB8-8B4A-11D0-8D11-00A0C91BC942}") = "OSGPlug", "OSGPlug\OSGPlugVC2005.vcproj", "{26A03662-60B0-4137-8E72-26FD229E982F}"
EndProject
Project("{8BC9CEB8-8B4A-11D0-8D11-00A0C91BC942}") = "Primivol", "Primivol\PrimivolVC2005.vcproj", "{5AD44186-E2F4-41A7-9279-C615EB9BB09E}"
EndProject
Project("{8BC9CEB8-8B4A-11D0-8D11-00A0C91BC942}") = "Deeper", "Deeper\DeeperVC2005.vcproj", "{4B924C52-9DA2-449F-A678-616031CEFA78}"
EndProject
Project("{8BC9CEB8-8B4A-11D0-8D11-00A0C91BC942}") = "Common", "Common\CommonVC2005.vcproj", "{A375CBEF-0EEE-437C-ACE5-C748EC89F1A1}"
EndProject
Project("{8BC9CEB8-8B4A-11D0-8D11-00A0C91BC942}") = "Shaper", "Shaper\ShaperVC2005.vcproj", "{C55D0D30-B5F7-434F-AD71-BEA95A40A9D7}"
EndProject
Global
	GlobalSection(SolutionConfigurationPlatforms) = preSolution
		CountedPtr|Win32 = CountedPtr|Win32
		Debug|Win32 = Debug|Win32
		Release|Win32 = Release|Win32
	EndGlobalSection
	GlobalSection(ProjectConfigurationPlatforms) = postSolution
		{8C84AD9A-B70F-4F6B-9E53-C317B03D5022}.CountedPtr|Win32.ActiveCfg = Debug|Win32
		{8C84AD9A-B70F-4F6B-9E53-C317B03D5022}.CountedPtr|Win32.Build.0 = Debug|Win32
		{8C84AD9A-B70F-4F6B-9E53-C317B03D5022}.Debug|Win32.ActiveCfg = Debug|Win32
		{8C84AD9A-B70F-4F6B-9E53-C317B03D5022}.Debug|Win32.Build.0 = Debug|Win32
		{8C84AD9A-B70F-4F6B-9E53-C317B03D5022}.Release|Win32.ActiveCfg = Release|Win32
		{8C84AD9A-B70F-4F6B-9E53-C317B03D5022}.Release|Win32.Build.0 = Release|Win32
		{C7A262F0-A484-4ACD-A506-3AEB717C2A96}.CountedPtr|Win32.ActiveCfg = Release|Win32
		{C7A262F0-A484-4ACD-A506-3AEB717C2A96}.CountedPtr|Win32.Build.0 = Release|Win32
		{C7A262F0-A484-4ACD-A506-3AEB717C2A96}.Debug|Win32.ActiveCfg = Debug|Win32
		{C7A262F0-A484-4ACD-A506-3AEB717C2A96}.Debug|Win32.Build.0 = Debug|Win32
		{C7A262F0-A484-4ACD-A506-3AEB717C2A96}.Release|Win32.ActiveCfg = Release|Win32
		{C7A262F0-A484-4ACD-A506-3AEB717C2A96}.Release|Win32.Build.0 = Release|Win32
		{F5C839F9-CE38-42CC-90EF-B9EC8E789616}.CountedPtr|Win32.ActiveCfg = Debug|Win32
		{F5C839F9-CE38-42CC-90EF-B9EC8E789616}.CountedPtr|Win32.Build.0 = Debug|Win32
		{F5C839F9-CE38-42CC-90EF-B9EC8E789616}.Debug|Win32.ActiveCfg = Debug|Win32
		{F5C839F9-CE38-42CC-90EF-B9EC8E789616}.Debug|Win32.Build.0 = Debug|Win32
		{F5C839F9-CE38-42CC-90EF-B9EC8E789616}.Release|Win32.ActiveCfg = Release|Win32
		{F5C839F9-CE38-42CC-90EF-B9EC8E789616}.Release|Win32.Build.0 = Release|Win32
		{1EC838FF-877C-40F4-B147-32F0D415AD35}.CountedPtr|Win32.ActiveCfg = Release|Win32
		{1EC838FF-877C-40F4-B147-32F0D415AD35}.CountedPtr|Win32.Build.0 = Release|Win32
		{1EC838FF-877C-40F4-B147-32F0D415AD35}.Debug|Win32.ActiveCfg = Debug|Win32
		{1EC838FF-877C-40F4-B147-32F0D415AD35}.Debug|Win32.Build.0 = Debug|Win32
		{1EC838FF-877C-40F4-B147-32F0D415AD35}.Release|Win32.ActiveCfg = Release|Win32
		{1EC838FF-877C-40F4-B147-32F0D415AD35}.Release|Win32.Build.0 = Release|Win32
		{EB465BB3-D42B-42B6-8068-722442AAB5C3}.CountedPtr|Win32.ActiveCfg = Release|Win32
		{EB465BB3-D42B-42B6-8068-722442AAB5C3}.CountedPtr|Win32.Build.0 = Release|Win32
		{EB465BB3-D42B-42B6-8068-722442AAB5C3}.Debug|Win32.ActiveCfg = Debug|Win32
		{EB465BB3-D42B-42B6-8068-722442AAB5C3}.Debug|Win32.Build.0 = Debug|Win32
		{EB465BB3-D42B-42B6-8068-722442AAB5C3}.Release|Win32.ActiveCfg = Release|Win32
		{EB465BB3-D42B-42B6-8068-722442AAB5C3}.Release|Win32.Build.0 = Release|Win32
		{03B24B3C-CFA9-4162-B7C1-7797FDE9B8A7}.CountedPtr|Win32.ActiveCfg = Debug|Win32
		{03B24B3C-CFA9-4162-B7C1-7797FDE9B8A7}.CountedPtr|Win32.Build.0 = Debug|Win32
		{03B24B3C-CFA9-4162-B7C1-7797FDE9B8A7}.Debug|Win32.ActiveCfg = Debug|Win32
		{03B24B3C-CFA9-4162-B7C1-7797FDE9B8A7}.Debug|Win32.Build.0 = Debug|Win32
		{03B24B3C-CFA9-4162-B7C1-7797FDE9B8A7}.Release|Win32.ActiveCfg = Release|Win32
		{03B24B3C-CFA9-4162-B7C1-7797FDE9B8A7}.Release|Win32.Build.0 = Release|Win32
		{26A03662-60B0-4137-8E72-26FD229E982F}.CountedPtr|Win32.ActiveCfg = CountedPtr|Win32
		{26A03662-60B0-4137-8E72-26FD229E982F}.CountedPtr|Win32.Build.0 = CountedPtr|Win32
		{26A03662-60B0-4137-8E72-26FD229E982F}.Debug|Win32.ActiveCfg = Debug|Win32
		{26A03662-60B0-4137-8E72-26FD229E982F}.Debug|Win32.Build.0 = Debug|Win32
		{26A03662-60B0-4137-8E72-26FD229E982F}.Release|Win32.ActiveCfg = Release|Win32
		{26A03662-60B0-4137-8E72-26FD229E982F}.Release|Win32.Build.0 = Release|Win32
		{5AD44186-E2F4-41A7-9279-C615EB9BB09E}.CountedPtr|Win32.ActiveCfg = Release|Win32
		{5AD44186-E2F4-41A7-9279-C615EB9BB09E}.CountedPtr|Win32.Build.0 = Release|Win32
		{5AD44186-E2F4-41A7-9279-C615EB9BB09E}.Debug|Win32.ActiveCfg = Debug|Win32
		{5AD44186-E2F4-41A7-9279-C615EB9BB09E}.Debug|Win32.Build.0 = Debug|Win32
		{5AD44186-E2F4-41A7-9279-C615EB9BB09E}.Release|Win32.ActiveCfg = Release|Win32
		{5AD44186-E2F4-41A7-9279-C615EB9BB09E}.Release|Win32.Build.0 = Release|Win32
		{4B924C52-9DA2-449F-A678-616031CEFA78}.CountedPtr|Win32.ActiveCfg = Release|Win32
		{4B924C52-9DA2-449F-A678-616031CEFA78}.CountedPtr|Win32.Build.0 = Release|Win32
		{4B924C52-9DA2-449F-A678-616031CEFA78}.Debug|Win32.ActiveCfg = Debug|Win32
		{4B924C52-9DA2-449F-A678-616031CEFA78}.Debug|Win32.Build.0 = Debug|Win32
		{4B924C52-9DA2-449F-A678-616031CEFA78}.Release|Win32.ActiveCfg = Release|Win32
		{4B924C52-9DA2-449F-A678-616031CEFA78}.Release|Win32.Build.0 = Release|Win32
		{A375CBEF-0EEE-437C-ACE5-C748EC89F1A1}.CountedPtr|Win32.ActiveCfg = Release|Win32
		{A375CBEF-0EEE-437C-ACE5-C748EC89F1A1}.CountedPtr|Win32.Build.0 = Release|Win32
		{A375CBEF-0EEE-437C-ACE5-C748EC89F1A1}.Debug|Win32.ActiveCfg = Debug|Win32
		{A375CBEF-0EEE-437C-ACE5-C748EC89F1A1}.Debug|Win32.Build.0 = Debug|Win32
		{A375CBEF-0EEE-437C-ACE5-C748EC89F1A1}.Release|Win32.ActiveCfg = Release|Win32
		{A375CBEF-0EEE-437C-ACE5-C748EC89F1A1}.Release|Win32.Build.0 = Release|Win32
		{C55D0D30-B5F7-434F-AD71-BEA95A40A9D7}.CountedPtr|Win32.ActiveCfg = Release|Win32
		{C55D0D30-B5F7-434F-AD71-BEA95A40A9D7}.CountedPtr|Win32.Build.0 = Release|Win32
		{C55D0D30-B5F7-434F-AD71-BEA95A40A9D7}.Debug|Win32.ActiveCfg = Debug|Win32
		{C55D0D30-B5F7-434F-AD71-BEA95A40A9D7}.Debug|Win32.Build.0 = Debug|Win32
		{C55D0D30-B5F7-434F-AD71-BEA95A40A9D7}.Release|Win32.ActiveCfg = Release|Win32
		{C55D0D30-B5F7-434F-AD71-BEA95A40A9D7}.Release|Win32.Build.0 = Release|Win32
	EndGlobalSection
	GlobalSection(SolutionProperties) = preSolution
		HideSolutionNode = FALSE
	EndGlobalSection
EndGlobal
